
Microsoft Visual Studio Solution File, Format Version 12.00
# Visual Studio 15
VisualStudioVersion = 15.0.28307.271
MinimumVisualStudioVersion = 10.0.40219.1
Project("{FAE04EC0-301F-11D3-BF4B-00C04F79EFBC}") = "Ventas.Android", "Ventas\Ventas.Android\Ventas.Android.csproj", "{CECB624A-5863-40B6-8CBD-9D8FE8178F68}"
EndProject
Project("{FAE04EC0-301F-11D3-BF4B-00C04F79EFBC}") = "Ventas.iOS", "Ventas\Ventas.iOS\Ventas.iOS.csproj", "{E3D820B6-E23B-42F8-9A5D-EFCBD7BA89E7}"
EndProject
Project("{FAE04EC0-301F-11D3-BF4B-00C04F79EFBC}") = "Ventas.UWP", "Ventas\Ventas.UWP\Ventas.UWP.csproj", "{D4350877-710C-43F4-8DC6-0D7A22C2D347}"
EndProject
Project("{9A19103F-16F7-4668-BE54-9A1E7A4F7556}") = "Ventas", "Ventas\Ventas\Ventas.csproj", "{317F80D2-B3D1-4650-84A3-71BE8304C34C}"
EndProject
Project("{FAE04EC0-301F-11D3-BF4B-00C04F79EFBC}") = "Ventas.Backend", "Ventas.Backend\Ventas.Backend.csproj", "{67865F0B-45DE-4F94-BBB1-B8A9E00DB290}"
EndProject
Project("{FAE04EC0-301F-11D3-BF4B-00C04F79EFBC}") = "Ventas.API", "Ventas.API\Ventas.API.csproj", "{C4582FCB-462F-492C-A0E2-9F6D9AD98DA4}"
EndProject
Project("{FAE04EC0-301F-11D3-BF4B-00C04F79EFBC}") = "Ventas.Domain", "Ventas.Domain\Ventas.Domain.csproj", "{31D351F0-8E92-4D59-96C9-D2C3FD7ACADD}"
EndProject
Project("{FAE04EC0-301F-11D3-BF4B-00C04F79EFBC}") = "Ventas.Common", "Ventas.Common\Ventas.Common.csproj", "{0DF20B8D-72DD-4346-BD60-4575A25BDF80}"
EndProject
Global
	GlobalSection(SolutionConfigurationPlatforms) = preSolution
		Ad-Hoc|Any CPU = Ad-Hoc|Any CPU
		Ad-Hoc|ARM = Ad-Hoc|ARM
		Ad-Hoc|iPhone = Ad-Hoc|iPhone
		Ad-Hoc|iPhoneSimulator = Ad-Hoc|iPhoneSimulator
		Ad-Hoc|x64 = Ad-Hoc|x64
		Ad-Hoc|x86 = Ad-Hoc|x86
		AppStore|Any CPU = AppStore|Any CPU
		AppStore|ARM = AppStore|ARM
		AppStore|iPhone = AppStore|iPhone
		AppStore|iPhoneSimulator = AppStore|iPhoneSimulator
		AppStore|x64 = AppStore|x64
		AppStore|x86 = AppStore|x86
		Debug|Any CPU = Debug|Any CPU
		Debug|ARM = Debug|ARM
		Debug|iPhone = Debug|iPhone
		Debug|iPhoneSimulator = Debug|iPhoneSimulator
		Debug|x64 = Debug|x64
		Debug|x86 = Debug|x86
		Release|Any CPU = Release|Any CPU
		Release|ARM = Release|ARM
		Release|iPhone = Release|iPhone
		Release|iPhoneSimulator = Release|iPhoneSimulator
		Release|x64 = Release|x64
		Release|x86 = Release|x86
	EndGlobalSection
	GlobalSection(ProjectConfigurationPlatforms) = postSolution
		{CECB624A-5863-40B6-8CBD-9D8FE8178F68}.Ad-Hoc|Any CPU.ActiveCfg = Release|Any CPU
		{CECB624A-5863-40B6-8CBD-9D8FE8178F68}.Ad-Hoc|Any CPU.Build.0 = Release|Any CPU
		{CECB624A-5863-40B6-8CBD-9D8FE8178F68}.Ad-Hoc|Any CPU.Deploy.0 = Release|Any CPU
		{CECB624A-5863-40B6-8CBD-9D8FE8178F68}.Ad-Hoc|ARM.ActiveCfg = Release|Any CPU
		{CECB624A-5863-40B6-8CBD-9D8FE8178F68}.Ad-Hoc|ARM.Build.0 = Release|Any CPU
		{CECB624A-5863-40B6-8CBD-9D8FE8178F68}.Ad-Hoc|ARM.Deploy.0 = Release|Any CPU
		{CECB624A-5863-40B6-8CBD-9D8FE8178F68}.Ad-Hoc|iPhone.ActiveCfg = Release|Any CPU
		{CECB624A-5863-40B6-8CBD-9D8FE8178F68}.Ad-Hoc|iPhone.Build.0 = Release|Any CPU
		{CECB624A-5863-40B6-8CBD-9D8FE8178F68}.Ad-Hoc|iPhone.Deploy.0 = Release|Any CPU
		{CECB624A-5863-40B6-8CBD-9D8FE8178F68}.Ad-Hoc|iPhoneSimulator.ActiveCfg = Release|Any CPU
		{CECB624A-5863-40B6-8CBD-9D8FE8178F68}.Ad-Hoc|iPhoneSimulator.Build.0 = Release|Any CPU
		{CECB624A-5863-40B6-8CBD-9D8FE8178F68}.Ad-Hoc|iPhoneSimulator.Deploy.0 = Release|Any CPU
		{CECB624A-5863-40B6-8CBD-9D8FE8178F68}.Ad-Hoc|x64.ActiveCfg = Release|Any CPU
		{CECB624A-5863-40B6-8CBD-9D8FE8178F68}.Ad-Hoc|x64.Build.0 = Release|Any CPU
		{CECB624A-5863-40B6-8CBD-9D8FE8178F68}.Ad-Hoc|x64.Deploy.0 = Release|Any CPU
		{CECB624A-5863-40B6-8CBD-9D8FE8178F68}.Ad-Hoc|x86.ActiveCfg = Release|Any CPU
		{CECB624A-5863-40B6-8CBD-9D8FE8178F68}.Ad-Hoc|x86.Build.0 = Release|Any CPU
		{CECB624A-5863-40B6-8CBD-9D8FE8178F68}.Ad-Hoc|x86.Deploy.0 = Release|Any CPU
		{CECB624A-5863-40B6-8CBD-9D8FE8178F68}.AppStore|Any CPU.ActiveCfg = Release|Any CPU
		{CECB624A-5863-40B6-8CBD-9D8FE8178F68}.AppStore|Any CPU.Build.0 = Release|Any CPU
		{CECB624A-5863-40B6-8CBD-9D8FE8178F68}.AppStore|Any CPU.Deploy.0 = Release|Any CPU
		{CECB624A-5863-40B6-8CBD-9D8FE8178F68}.AppStore|ARM.ActiveCfg = Release|Any CPU
		{CECB624A-5863-40B6-8CBD-9D8FE8178F68}.AppStore|ARM.Build.0 = Release|Any CPU
		{CECB624A-5863-40B6-8CBD-9D8FE8178F68}.AppStore|ARM.Deploy.0 = Release|Any CPU
		{CECB624A-5863-40B6-8CBD-9D8FE8178F68}.AppStore|iPhone.ActiveCfg = Release|Any CPU
		{CECB624A-5863-40B6-8CBD-9D8FE8178F68}.AppStore|iPhone.Build.0 = Release|Any CPU
		{CECB624A-5863-40B6-8CBD-9D8FE8178F68}.AppStore|iPhone.Deploy.0 = Release|Any CPU
		{CECB624A-5863-40B6-8CBD-9D8FE8178F68}.AppStore|iPhoneSimulator.ActiveCfg = Release|Any CPU
		{CECB624A-5863-40B6-8CBD-9D8FE8178F68}.AppStore|iPhoneSimulator.Build.0 = Release|Any CPU
		{CECB624A-5863-40B6-8CBD-9D8FE8178F68}.AppStore|iPhoneSimulator.Deploy.0 = Release|Any CPU
		{CECB624A-5863-40B6-8CBD-9D8FE8178F68}.AppStore|x64.ActiveCfg = Release|Any CPU
		{CECB624A-5863-40B6-8CBD-9D8FE8178F68}.AppStore|x64.Build.0 = Release|Any CPU
		{CECB624A-5863-40B6-8CBD-9D8FE8178F68}.AppStore|x64.Deploy.0 = Release|Any CPU
		{CECB624A-5863-40B6-8CBD-9D8FE8178F68}.AppStore|x86.ActiveCfg = Release|Any CPU
		{CECB624A-5863-40B6-8CBD-9D8FE8178F68}.AppStore|x86.Build.0 = Release|Any CPU
		{CECB624A-5863-40B6-8CBD-9D8FE8178F68}.AppStore|x86.Deploy.0 = Release|Any CPU
		{CECB624A-5863-40B6-8CBD-9D8FE8178F68}.Debug|Any CPU.ActiveCfg = Debug|Any CPU
		{CECB624A-5863-40B6-8CBD-9D8FE8178F68}.Debug|Any CPU.Build.0 = Debug|Any CPU
		{CECB624A-5863-40B6-8CBD-9D8FE8178F68}.Debug|Any CPU.Deploy.0 = Debug|Any CPU
		{CECB624A-5863-40B6-8CBD-9D8FE8178F68}.Debug|ARM.ActiveCfg = Debug|Any CPU
		{CECB624A-5863-40B6-8CBD-9D8FE8178F68}.Debug|ARM.Build.0 = Debug|Any CPU
		{CECB624A-5863-40B6-8CBD-9D8FE8178F68}.Debug|ARM.Deploy.0 = Debug|Any CPU
		{CECB624A-5863-40B6-8CBD-9D8FE8178F68}.Debug|iPhone.ActiveCfg = Debug|Any CPU
		{CECB624A-5863-40B6-8CBD-9D8FE8178F68}.Debug|iPhone.Build.0 = Debug|Any CPU
		{CECB624A-5863-40B6-8CBD-9D8FE8178F68}.Debug|iPhone.Deploy.0 = Debug|Any CPU
		{CECB624A-5863-40B6-8CBD-9D8FE8178F68}.Debug|iPhoneSimulator.ActiveCfg = Debug|Any CPU
		{CECB624A-5863-40B6-8CBD-9D8FE8178F68}.Debug|iPhoneSimulator.Build.0 = Debug|Any CPU
		{CECB624A-5863-40B6-8CBD-9D8FE8178F68}.Debug|iPhoneSimulator.Deploy.0 = Debug|Any CPU
		{CECB624A-5863-40B6-8CBD-9D8FE8178F68}.Debug|x64.ActiveCfg = Debug|Any CPU
		{CECB624A-5863-40B6-8CBD-9D8FE8178F68}.Debug|x64.Build.0 = Debug|Any CPU
		{CECB624A-5863-40B6-8CBD-9D8FE8178F68}.Debug|x64.Deploy.0 = Debug|Any CPU
		{CECB624A-5863-40B6-8CBD-9D8FE8178F68}.Debug|x86.ActiveCfg = Debug|Any CPU
		{CECB624A-5863-40B6-8CBD-9D8FE8178F68}.Debug|x86.Build.0 = Debug|Any CPU
		{CECB624A-5863-40B6-8CBD-9D8FE8178F68}.Debug|x86.Deploy.0 = Debug|Any CPU
		{CECB624A-5863-40B6-8CBD-9D8FE8178F68}.Release|Any CPU.ActiveCfg = Release|Any CPU
		{CECB624A-5863-40B6-8CBD-9D8FE8178F68}.Release|Any CPU.Build.0 = Release|Any CPU
		{CECB624A-5863-40B6-8CBD-9D8FE8178F68}.Release|Any CPU.Deploy.0 = Release|Any CPU
		{CECB624A-5863-40B6-8CBD-9D8FE8178F68}.Release|ARM.ActiveCfg = Release|Any CPU
		{CECB624A-5863-40B6-8CBD-9D8FE8178F68}.Release|ARM.Build.0 = Release|Any CPU
		{CECB624A-5863-40B6-8CBD-9D8FE8178F68}.Release|ARM.Deploy.0 = Release|Any CPU
		{CECB624A-5863-40B6-8CBD-9D8FE8178F68}.Release|iPhone.ActiveCfg = Release|Any CPU
		{CECB624A-5863-40B6-8CBD-9D8FE8178F68}.Release|iPhone.Build.0 = Release|Any CPU
		{CECB624A-5863-40B6-8CBD-9D8FE8178F68}.Release|iPhone.Deploy.0 = Release|Any CPU
		{CECB624A-5863-40B6-8CBD-9D8FE8178F68}.Release|iPhoneSimulator.ActiveCfg = Release|Any CPU
		{CECB624A-5863-40B6-8CBD-9D8FE8178F68}.Release|iPhoneSimulator.Build.0 = Release|Any CPU
		{CECB624A-5863-40B6-8CBD-9D8FE8178F68}.Release|iPhoneSimulator.Deploy.0 = Release|Any CPU
		{CECB624A-5863-40B6-8CBD-9D8FE8178F68}.Release|x64.ActiveCfg = Release|Any CPU
		{CECB624A-5863-40B6-8CBD-9D8FE8178F68}.Release|x64.Build.0 = Release|Any CPU
		{CECB624A-5863-40B6-8CBD-9D8FE8178F68}.Release|x64.Deploy.0 = Release|Any CPU
		{CECB624A-5863-40B6-8CBD-9D8FE8178F68}.Release|x86.ActiveCfg = Release|Any CPU
		{CECB624A-5863-40B6-8CBD-9D8FE8178F68}.Release|x86.Build.0 = Release|Any CPU
		{CECB624A-5863-40B6-8CBD-9D8FE8178F68}.Release|x86.Deploy.0 = Release|Any CPU
		{E3D820B6-E23B-42F8-9A5D-EFCBD7BA89E7}.Ad-Hoc|Any CPU.ActiveCfg = Ad-Hoc|iPhone
		{E3D820B6-E23B-42F8-9A5D-EFCBD7BA89E7}.Ad-Hoc|Any CPU.Build.0 = Ad-Hoc|iPhone
		{E3D820B6-E23B-42F8-9A5D-EFCBD7BA89E7}.Ad-Hoc|Any CPU.Deploy.0 = Ad-Hoc|iPhone
		{E3D820B6-E23B-42F8-9A5D-EFCBD7BA89E7}.Ad-Hoc|ARM.ActiveCfg = Ad-Hoc|iPhone
		{E3D820B6-E23B-42F8-9A5D-EFCBD7BA89E7}.Ad-Hoc|ARM.Build.0 = Ad-Hoc|iPhone
		{E3D820B6-E23B-42F8-9A5D-EFCBD7BA89E7}.Ad-Hoc|ARM.Deploy.0 = Ad-Hoc|iPhone
		{E3D820B6-E23B-42F8-9A5D-EFCBD7BA89E7}.Ad-Hoc|iPhone.ActiveCfg = Ad-Hoc|iPhone
		{E3D820B6-E23B-42F8-9A5D-EFCBD7BA89E7}.Ad-Hoc|iPhone.Build.0 = Ad-Hoc|iPhone
		{E3D820B6-E23B-42F8-9A5D-EFCBD7BA89E7}.Ad-Hoc|iPhone.Deploy.0 = Ad-Hoc|iPhone
		{E3D820B6-E23B-42F8-9A5D-EFCBD7BA89E7}.Ad-Hoc|iPhoneSimulator.ActiveCfg = Ad-Hoc|iPhoneSimulator
		{E3D820B6-E23B-42F8-9A5D-EFCBD7BA89E7}.Ad-Hoc|iPhoneSimulator.Build.0 = Ad-Hoc|iPhoneSimulator
		{E3D820B6-E23B-42F8-9A5D-EFCBD7BA89E7}.Ad-Hoc|iPhoneSimulator.Deploy.0 = Ad-Hoc|iPhoneSimulator
		{E3D820B6-E23B-42F8-9A5D-EFCBD7BA89E7}.Ad-Hoc|x64.ActiveCfg = Ad-Hoc|iPhone
		{E3D820B6-E23B-42F8-9A5D-EFCBD7BA89E7}.Ad-Hoc|x64.Build.0 = Ad-Hoc|iPhone
		{E3D820B6-E23B-42F8-9A5D-EFCBD7BA89E7}.Ad-Hoc|x64.Deploy.0 = Ad-Hoc|iPhone
		{E3D820B6-E23B-42F8-9A5D-EFCBD7BA89E7}.Ad-Hoc|x86.ActiveCfg = Ad-Hoc|iPhone
		{E3D820B6-E23B-42F8-9A5D-EFCBD7BA89E7}.Ad-Hoc|x86.Build.0 = Ad-Hoc|iPhone
		{E3D820B6-E23B-42F8-9A5D-EFCBD7BA89E7}.Ad-Hoc|x86.Deploy.0 = Ad-Hoc|iPhone
		{E3D820B6-E23B-42F8-9A5D-EFCBD7BA89E7}.AppStore|Any CPU.ActiveCfg = AppStore|iPhone
		{E3D820B6-E23B-42F8-9A5D-EFCBD7BA89E7}.AppStore|Any CPU.Build.0 = AppStore|iPhone
		{E3D820B6-E23B-42F8-9A5D-EFCBD7BA89E7}.AppStore|Any CPU.Deploy.0 = AppStore|iPhone
		{E3D820B6-E23B-42F8-9A5D-EFCBD7BA89E7}.AppStore|ARM.ActiveCfg = AppStore|iPhone
		{E3D820B6-E23B-42F8-9A5D-EFCBD7BA89E7}.AppStore|ARM.Build.0 = AppStore|iPhone
		{E3D820B6-E23B-42F8-9A5D-EFCBD7BA89E7}.AppStore|ARM.Deploy.0 = AppStore|iPhone
		{E3D820B6-E23B-42F8-9A5D-EFCBD7BA89E7}.AppStore|iPhone.ActiveCfg = AppStore|iPhone
		{E3D820B6-E23B-42F8-9A5D-EFCBD7BA89E7}.AppStore|iPhone.Build.0 = AppStore|iPhone
		{E3D820B6-E23B-42F8-9A5D-EFCBD7BA89E7}.AppStore|iPhone.Deploy.0 = AppStore|iPhone
		{E3D820B6-E23B-42F8-9A5D-EFCBD7BA89E7}.AppStore|iPhoneSimulator.ActiveCfg = AppStore|iPhoneSimulator
		{E3D820B6-E23B-42F8-9A5D-EFCBD7BA89E7}.AppStore|iPhoneSimulator.Build.0 = AppStore|iPhoneSimulator
		{E3D820B6-E23B-42F8-9A5D-EFCBD7BA89E7}.AppStore|iPhoneSimulator.Deploy.0 = AppStore|iPhoneSimulator
		{E3D820B6-E23B-42F8-9A5D-EFCBD7BA89E7}.AppStore|x64.ActiveCfg = AppStore|iPhone
		{E3D820B6-E23B-42F8-9A5D-EFCBD7BA89E7}.AppStore|x64.Build.0 = AppStore|iPhone
		{E3D820B6-E23B-42F8-9A5D-EFCBD7BA89E7}.AppStore|x64.Deploy.0 = AppStore|iPhone
		{E3D820B6-E23B-42F8-9A5D-EFCBD7BA89E7}.AppStore|x86.ActiveCfg = AppStore|iPhone
		{E3D820B6-E23B-42F8-9A5D-EFCBD7BA89E7}.AppStore|x86.Build.0 = AppStore|iPhone
		{E3D820B6-E23B-42F8-9A5D-EFCBD7BA89E7}.AppStore|x86.Deploy.0 = AppStore|iPhone
		{E3D820B6-E23B-42F8-9A5D-EFCBD7BA89E7}.Debug|Any CPU.ActiveCfg = Debug|iPhoneSimulator
		{E3D820B6-E23B-42F8-9A5D-EFCBD7BA89E7}.Debug|Any CPU.Build.0 = Debug|iPhoneSimulator
		{E3D820B6-E23B-42F8-9A5D-EFCBD7BA89E7}.Debug|Any CPU.Deploy.0 = Debug|iPhoneSimulator
		{E3D820B6-E23B-42F8-9A5D-EFCBD7BA89E7}.Debug|ARM.ActiveCfg = Debug|iPhone
		{E3D820B6-E23B-42F8-9A5D-EFCBD7BA89E7}.Debug|ARM.Build.0 = Debug|iPhone
		{E3D820B6-E23B-42F8-9A5D-EFCBD7BA89E7}.Debug|ARM.Deploy.0 = Debug|iPhone
		{E3D820B6-E23B-42F8-9A5D-EFCBD7BA89E7}.Debug|iPhone.ActiveCfg = Debug|iPhone
		{E3D820B6-E23B-42F8-9A5D-EFCBD7BA89E7}.Debug|iPhone.Build.0 = Debug|iPhone
		{E3D820B6-E23B-42F8-9A5D-EFCBD7BA89E7}.Debug|iPhone.Deploy.0 = Debug|iPhone
		{E3D820B6-E23B-42F8-9A5D-EFCBD7BA89E7}.Debug|iPhoneSimulator.ActiveCfg = Debug|iPhoneSimulator
		{E3D820B6-E23B-42F8-9A5D-EFCBD7BA89E7}.Debug|iPhoneSimulator.Build.0 = Debug|iPhoneSimulator
		{E3D820B6-E23B-42F8-9A5D-EFCBD7BA89E7}.Debug|iPhoneSimulator.Deploy.0 = Debug|iPhoneSimulator
		{E3D820B6-E23B-42F8-9A5D-EFCBD7BA89E7}.Debug|x64.ActiveCfg = Debug|iPhone
		{E3D820B6-E23B-42F8-9A5D-EFCBD7BA89E7}.Debug|x64.Build.0 = Debug|iPhone
		{E3D820B6-E23B-42F8-9A5D-EFCBD7BA89E7}.Debug|x64.Deploy.0 = Debug|iPhone
		{E3D820B6-E23B-42F8-9A5D-EFCBD7BA89E7}.Debug|x86.ActiveCfg = Debug|iPhone
		{E3D820B6-E23B-42F8-9A5D-EFCBD7BA89E7}.Debug|x86.Build.0 = Debug|iPhone
		{E3D820B6-E23B-42F8-9A5D-EFCBD7BA89E7}.Debug|x86.Deploy.0 = Debug|iPhone
		{E3D820B6-E23B-42F8-9A5D-EFCBD7BA89E7}.Release|Any CPU.ActiveCfg = Release|iPhone
		{E3D820B6-E23B-42F8-9A5D-EFCBD7BA89E7}.Release|Any CPU.Build.0 = Release|iPhone
		{E3D820B6-E23B-42F8-9A5D-EFCBD7BA89E7}.Release|Any CPU.Deploy.0 = Release|iPhone
		{E3D820B6-E23B-42F8-9A5D-EFCBD7BA89E7}.Release|ARM.ActiveCfg = Release|iPhone
		{E3D820B6-E23B-42F8-9A5D-EFCBD7BA89E7}.Release|ARM.Build.0 = Release|iPhone
		{E3D820B6-E23B-42F8-9A5D-EFCBD7BA89E7}.Release|ARM.Deploy.0 = Release|iPhone
		{E3D820B6-E23B-42F8-9A5D-EFCBD7BA89E7}.Release|iPhone.ActiveCfg = Release|iPhone
		{E3D820B6-E23B-42F8-9A5D-EFCBD7BA89E7}.Release|iPhone.Build.0 = Release|iPhone
		{E3D820B6-E23B-42F8-9A5D-EFCBD7BA89E7}.Release|iPhone.Deploy.0 = Release|iPhone
		{E3D820B6-E23B-42F8-9A5D-EFCBD7BA89E7}.Release|iPhoneSimulator.ActiveCfg = Release|iPhoneSimulator
		{E3D820B6-E23B-42F8-9A5D-EFCBD7BA89E7}.Release|iPhoneSimulator.Build.0 = Release|iPhoneSimulator
		{E3D820B6-E23B-42F8-9A5D-EFCBD7BA89E7}.Release|iPhoneSimulator.Deploy.0 = Release|iPhoneSimulator
		{E3D820B6-E23B-42F8-9A5D-EFCBD7BA89E7}.Release|x64.ActiveCfg = Release|iPhone
		{E3D820B6-E23B-42F8-9A5D-EFCBD7BA89E7}.Release|x64.Build.0 = Release|iPhone
		{E3D820B6-E23B-42F8-9A5D-EFCBD7BA89E7}.Release|x64.Deploy.0 = Release|iPhone
		{E3D820B6-E23B-42F8-9A5D-EFCBD7BA89E7}.Release|x86.ActiveCfg = Release|iPhone
		{E3D820B6-E23B-42F8-9A5D-EFCBD7BA89E7}.Release|x86.Build.0 = Release|iPhone
		{E3D820B6-E23B-42F8-9A5D-EFCBD7BA89E7}.Release|x86.Deploy.0 = Release|iPhone
		{D4350877-710C-43F4-8DC6-0D7A22C2D347}.Ad-Hoc|Any CPU.ActiveCfg = Release|x86
		{D4350877-710C-43F4-8DC6-0D7A22C2D347}.Ad-Hoc|Any CPU.Build.0 = Release|x86
		{D4350877-710C-43F4-8DC6-0D7A22C2D347}.Ad-Hoc|Any CPU.Deploy.0 = Release|x86
		{D4350877-710C-43F4-8DC6-0D7A22C2D347}.Ad-Hoc|ARM.ActiveCfg = Release|ARM
		{D4350877-710C-43F4-8DC6-0D7A22C2D347}.Ad-Hoc|ARM.Build.0 = Release|ARM
		{D4350877-710C-43F4-8DC6-0D7A22C2D347}.Ad-Hoc|ARM.Deploy.0 = Release|ARM
		{D4350877-710C-43F4-8DC6-0D7A22C2D347}.Ad-Hoc|iPhone.ActiveCfg = Release|x86
		{D4350877-710C-43F4-8DC6-0D7A22C2D347}.Ad-Hoc|iPhone.Build.0 = Release|x86
		{D4350877-710C-43F4-8DC6-0D7A22C2D347}.Ad-Hoc|iPhone.Deploy.0 = Release|x86
		{D4350877-710C-43F4-8DC6-0D7A22C2D347}.Ad-Hoc|iPhoneSimulator.ActiveCfg = Release|x86
		{D4350877-710C-43F4-8DC6-0D7A22C2D347}.Ad-Hoc|iPhoneSimulator.Build.0 = Release|x86
		{D4350877-710C-43F4-8DC6-0D7A22C2D347}.Ad-Hoc|iPhoneSimulator.Deploy.0 = Release|x86
		{D4350877-710C-43F4-8DC6-0D7A22C2D347}.Ad-Hoc|x64.ActiveCfg = Release|x64
		{D4350877-710C-43F4-8DC6-0D7A22C2D347}.Ad-Hoc|x64.Build.0 = Release|x64
		{D4350877-710C-43F4-8DC6-0D7A22C2D347}.Ad-Hoc|x64.Deploy.0 = Release|x64
		{D4350877-710C-43F4-8DC6-0D7A22C2D347}.Ad-Hoc|x86.ActiveCfg = Release|x86
		{D4350877-710C-43F4-8DC6-0D7A22C2D347}.Ad-Hoc|x86.Build.0 = Release|x86
		{D4350877-710C-43F4-8DC6-0D7A22C2D347}.Ad-Hoc|x86.Deploy.0 = Release|x86
		{D4350877-710C-43F4-8DC6-0D7A22C2D347}.AppStore|Any CPU.ActiveCfg = Release|x86
		{D4350877-710C-43F4-8DC6-0D7A22C2D347}.AppStore|Any CPU.Build.0 = Release|x86
		{D4350877-710C-43F4-8DC6-0D7A22C2D347}.AppStore|Any CPU.Deploy.0 = Release|x86
		{D4350877-710C-43F4-8DC6-0D7A22C2D347}.AppStore|ARM.ActiveCfg = Release|ARM
		{D4350877-710C-43F4-8DC6-0D7A22C2D347}.AppStore|ARM.Build.0 = Release|ARM
		{D4350877-710C-43F4-8DC6-0D7A22C2D347}.AppStore|ARM.Deploy.0 = Release|ARM
		{D4350877-710C-43F4-8DC6-0D7A22C2D347}.AppStore|iPhone.ActiveCfg = Release|x86
		{D4350877-710C-43F4-8DC6-0D7A22C2D347}.AppStore|iPhone.Build.0 = Release|x86
		{D4350877-710C-43F4-8DC6-0D7A22C2D347}.AppStore|iPhone.Deploy.0 = Release|x86
		{D4350877-710C-43F4-8DC6-0D7A22C2D347}.AppStore|iPhoneSimulator.ActiveCfg = Release|x86
		{D4350877-710C-43F4-8DC6-0D7A22C2D347}.AppStore|iPhoneSimulator.Build.0 = Release|x86
		{D4350877-710C-43F4-8DC6-0D7A22C2D347}.AppStore|iPhoneSimulator.Deploy.0 = Release|x86
		{D4350877-710C-43F4-8DC6-0D7A22C2D347}.AppStore|x64.ActiveCfg = Release|x64
		{D4350877-710C-43F4-8DC6-0D7A22C2D347}.AppStore|x64.Build.0 = Release|x64
		{D4350877-710C-43F4-8DC6-0D7A22C2D347}.AppStore|x64.Deploy.0 = Release|x64
		{D4350877-710C-43F4-8DC6-0D7A22C2D347}.AppStore|x86.ActiveCfg = Release|x86
		{D4350877-710C-43F4-8DC6-0D7A22C2D347}.AppStore|x86.Build.0 = Release|x86
		{D4350877-710C-43F4-8DC6-0D7A22C2D347}.AppStore|x86.Deploy.0 = Release|x86
		{D4350877-710C-43F4-8DC6-0D7A22C2D347}.Debug|Any CPU.ActiveCfg = Debug|x86
		{D4350877-710C-43F4-8DC6-0D7A22C2D347}.Debug|Any CPU.Build.0 = Debug|x86
		{D4350877-710C-43F4-8DC6-0D7A22C2D347}.Debug|Any CPU.Deploy.0 = Debug|x86
		{D4350877-710C-43F4-8DC6-0D7A22C2D347}.Debug|ARM.ActiveCfg = Debug|ARM
		{D4350877-710C-43F4-8DC6-0D7A22C2D347}.Debug|ARM.Build.0 = Debug|ARM
		{D4350877-710C-43F4-8DC6-0D7A22C2D347}.Debug|ARM.Deploy.0 = Debug|ARM
		{D4350877-710C-43F4-8DC6-0D7A22C2D347}.Debug|iPhone.ActiveCfg = Debug|x86
		{D4350877-710C-43F4-8DC6-0D7A22C2D347}.Debug|iPhone.Build.0 = Debug|x86
		{D4350877-710C-43F4-8DC6-0D7A22C2D347}.Debug|iPhone.Deploy.0 = Debug|x86
		{D4350877-710C-43F4-8DC6-0D7A22C2D347}.Debug|iPhoneSimulator.ActiveCfg = Debug|x86
		{D4350877-710C-43F4-8DC6-0D7A22C2D347}.Debug|iPhoneSimulator.Build.0 = Debug|x86
		{D4350877-710C-43F4-8DC6-0D7A22C2D347}.Debug|iPhoneSimulator.Deploy.0 = Debug|x86
		{D4350877-710C-43F4-8DC6-0D7A22C2D347}.Debug|x64.ActiveCfg = Debug|x64
		{D4350877-710C-43F4-8DC6-0D7A22C2D347}.Debug|x64.Build.0 = Debug|x64
		{D4350877-710C-43F4-8DC6-0D7A22C2D347}.Debug|x64.Deploy.0 = Debug|x64
		{D4350877-710C-43F4-8DC6-0D7A22C2D347}.Debug|x86.ActiveCfg = Debug|x86
		{D4350877-710C-43F4-8DC6-0D7A22C2D347}.Debug|x86.Build.0 = Debug|x86
		{D4350877-710C-43F4-8DC6-0D7A22C2D347}.Debug|x86.Deploy.0 = Debug|x86
		{D4350877-710C-43F4-8DC6-0D7A22C2D347}.Release|Any CPU.ActiveCfg = Release|x86
		{D4350877-710C-43F4-8DC6-0D7A22C2D347}.Release|Any CPU.Build.0 = Release|x86
		{D4350877-710C-43F4-8DC6-0D7A22C2D347}.Release|Any CPU.Deploy.0 = Release|x86
		{D4350877-710C-43F4-8DC6-0D7A22C2D347}.Release|ARM.ActiveCfg = Release|ARM
		{D4350877-710C-43F4-8DC6-0D7A22C2D347}.Release|ARM.Build.0 = Release|ARM
		{D4350877-710C-43F4-8DC6-0D7A22C2D347}.Release|ARM.Deploy.0 = Release|ARM
		{D4350877-710C-43F4-8DC6-0D7A22C2D347}.Release|iPhone.ActiveCfg = Release|x86
		{D4350877-710C-43F4-8DC6-0D7A22C2D347}.Release|iPhone.Build.0 = Release|x86
		{D4350877-710C-43F4-8DC6-0D7A22C2D347}.Release|iPhone.Deploy.0 = Release|x86
		{D4350877-710C-43F4-8DC6-0D7A22C2D347}.Release|iPhoneSimulator.ActiveCfg = Release|x86
		{D4350877-710C-43F4-8DC6-0D7A22C2D347}.Release|iPhoneSimulator.Build.0 = Release|x86
		{D4350877-710C-43F4-8DC6-0D7A22C2D347}.Release|iPhoneSimulator.Deploy.0 = Release|x86
		{D4350877-710C-43F4-8DC6-0D7A22C2D347}.Release|x64.ActiveCfg = Release|x64
		{D4350877-710C-43F4-8DC6-0D7A22C2D347}.Release|x64.Build.0 = Release|x64
		{D4350877-710C-43F4-8DC6-0D7A22C2D347}.Release|x64.Deploy.0 = Release|x64
		{D4350877-710C-43F4-8DC6-0D7A22C2D347}.Release|x86.ActiveCfg = Release|x86
		{D4350877-710C-43F4-8DC6-0D7A22C2D347}.Release|x86.Build.0 = Release|x86
		{D4350877-710C-43F4-8DC6-0D7A22C2D347}.Release|x86.Deploy.0 = Release|x86
		{317F80D2-B3D1-4650-84A3-71BE8304C34C}.Ad-Hoc|Any CPU.ActiveCfg = Debug|Any CPU
		{317F80D2-B3D1-4650-84A3-71BE8304C34C}.Ad-Hoc|Any CPU.Build.0 = Debug|Any CPU
		{317F80D2-B3D1-4650-84A3-71BE8304C34C}.Ad-Hoc|Any CPU.Deploy.0 = Debug|Any CPU
		{317F80D2-B3D1-4650-84A3-71BE8304C34C}.Ad-Hoc|ARM.ActiveCfg = Debug|Any CPU
		{317F80D2-B3D1-4650-84A3-71BE8304C34C}.Ad-Hoc|ARM.Build.0 = Debug|Any CPU
		{317F80D2-B3D1-4650-84A3-71BE8304C34C}.Ad-Hoc|ARM.Deploy.0 = Debug|Any CPU
		{317F80D2-B3D1-4650-84A3-71BE8304C34C}.Ad-Hoc|iPhone.ActiveCfg = Debug|Any CPU
		{317F80D2-B3D1-4650-84A3-71BE8304C34C}.Ad-Hoc|iPhone.Build.0 = Debug|Any CPU
		{317F80D2-B3D1-4650-84A3-71BE8304C34C}.Ad-Hoc|iPhone.Deploy.0 = Debug|Any CPU
		{317F80D2-B3D1-4650-84A3-71BE8304C34C}.Ad-Hoc|iPhoneSimulator.ActiveCfg = Debug|Any CPU
		{317F80D2-B3D1-4650-84A3-71BE8304C34C}.Ad-Hoc|iPhoneSimulator.Build.0 = Debug|Any CPU
		{317F80D2-B3D1-4650-84A3-71BE8304C34C}.Ad-Hoc|iPhoneSimulator.Deploy.0 = Debug|Any CPU
		{317F80D2-B3D1-4650-84A3-71BE8304C34C}.Ad-Hoc|x64.ActiveCfg = Debug|Any CPU
		{317F80D2-B3D1-4650-84A3-71BE8304C34C}.Ad-Hoc|x64.Build.0 = Debug|Any CPU
		{317F80D2-B3D1-4650-84A3-71BE8304C34C}.Ad-Hoc|x64.Deploy.0 = Debug|Any CPU
		{317F80D2-B3D1-4650-84A3-71BE8304C34C}.Ad-Hoc|x86.ActiveCfg = Debug|Any CPU
		{317F80D2-B3D1-4650-84A3-71BE8304C34C}.Ad-Hoc|x86.Build.0 = Debug|Any CPU
		{317F80D2-B3D1-4650-84A3-71BE8304C34C}.Ad-Hoc|x86.Deploy.0 = Debug|Any CPU
		{317F80D2-B3D1-4650-84A3-71BE8304C34C}.AppStore|Any CPU.ActiveCfg = Debug|Any CPU
		{317F80D2-B3D1-4650-84A3-71BE8304C34C}.AppStore|Any CPU.Build.0 = Debug|Any CPU
		{317F80D2-B3D1-4650-84A3-71BE8304C34C}.AppStore|Any CPU.Deploy.0 = Debug|Any CPU
		{317F80D2-B3D1-4650-84A3-71BE8304C34C}.AppStore|ARM.ActiveCfg = Debug|Any CPU
		{317F80D2-B3D1-4650-84A3-71BE8304C34C}.AppStore|ARM.Build.0 = Debug|Any CPU
		{317F80D2-B3D1-4650-84A3-71BE8304C34C}.AppStore|ARM.Deploy.0 = Debug|Any CPU
		{317F80D2-B3D1-4650-84A3-71BE8304C34C}.AppStore|iPhone.ActiveCfg = Debug|Any CPU
		{317F80D2-B3D1-4650-84A3-71BE8304C34C}.AppStore|iPhone.Build.0 = Debug|Any CPU
		{317F80D2-B3D1-4650-84A3-71BE8304C34C}.AppStore|iPhone.Deploy.0 = Debug|Any CPU
		{317F80D2-B3D1-4650-84A3-71BE8304C34C}.AppStore|iPhoneSimulator.ActiveCfg = Debug|Any CPU
		{317F80D2-B3D1-4650-84A3-71BE8304C34C}.AppStore|iPhoneSimulator.Build.0 = Debug|Any CPU
		{317F80D2-B3D1-4650-84A3-71BE8304C34C}.AppStore|iPhoneSimulator.Deploy.0 = Debug|Any CPU
		{317F80D2-B3D1-4650-84A3-71BE8304C34C}.AppStore|x64.ActiveCfg = Debug|Any CPU
		{317F80D2-B3D1-4650-84A3-71BE8304C34C}.AppStore|x64.Build.0 = Debug|Any CPU
		{317F80D2-B3D1-4650-84A3-71BE8304C34C}.AppStore|x64.Deploy.0 = Debug|Any CPU
		{317F80D2-B3D1-4650-84A3-71BE8304C34C}.AppStore|x86.ActiveCfg = Debug|Any CPU
		{317F80D2-B3D1-4650-84A3-71BE8304C34C}.AppStore|x86.Build.0 = Debug|Any CPU
		{317F80D2-B3D1-4650-84A3-71BE8304C34C}.AppStore|x86.Deploy.0 = Debug|Any CPU
		{317F80D2-B3D1-4650-84A3-71BE8304C34C}.Debug|Any CPU.ActiveCfg = Debug|Any CPU
		{317F80D2-B3D1-4650-84A3-71BE8304C34C}.Debug|Any CPU.Build.0 = Debug|Any CPU
		{317F80D2-B3D1-4650-84A3-71BE8304C34C}.Debug|Any CPU.Deploy.0 = Debug|Any CPU
		{317F80D2-B3D1-4650-84A3-71BE8304C34C}.Debug|ARM.ActiveCfg = Debug|Any CPU
		{317F80D2-B3D1-4650-84A3-71BE8304C34C}.Debug|ARM.Build.0 = Debug|Any CPU
		{317F80D2-B3D1-4650-84A3-71BE8304C34C}.Debug|ARM.Deploy.0 = Debug|Any CPU
		{317F80D2-B3D1-4650-84A3-71BE8304C34C}.Debug|iPhone.ActiveCfg = Debug|Any CPU
		{317F80D2-B3D1-4650-84A3-71BE8304C34C}.Debug|iPhone.Build.0 = Debug|Any CPU
		{317F80D2-B3D1-4650-84A3-71BE8304C34C}.Debug|iPhone.Deploy.0 = Debug|Any CPU
		{317F80D2-B3D1-4650-84A3-71BE8304C34C}.Debug|iPhoneSimulator.ActiveCfg = Debug|Any CPU
		{317F80D2-B3D1-4650-84A3-71BE8304C34C}.Debug|iPhoneSimulator.Build.0 = Debug|Any CPU
		{317F80D2-B3D1-4650-84A3-71BE8304C34C}.Debug|iPhoneSimulator.Deploy.0 = Debug|Any CPU
		{317F80D2-B3D1-4650-84A3-71BE8304C34C}.Debug|x64.ActiveCfg = Debug|Any CPU
		{317F80D2-B3D1-4650-84A3-71BE8304C34C}.Debug|x64.Build.0 = Debug|Any CPU
		{317F80D2-B3D1-4650-84A3-71BE8304C34C}.Debug|x64.Deploy.0 = Debug|Any CPU
		{317F80D2-B3D1-4650-84A3-71BE8304C34C}.Debug|x86.ActiveCfg = Debug|Any CPU
		{317F80D2-B3D1-4650-84A3-71BE8304C34C}.Debug|x86.Build.0 = Debug|Any CPU
		{317F80D2-B3D1-4650-84A3-71BE8304C34C}.Debug|x86.Deploy.0 = Debug|Any CPU
		{317F80D2-B3D1-4650-84A3-71BE8304C34C}.Release|Any CPU.ActiveCfg = Release|Any CPU
		{317F80D2-B3D1-4650-84A3-71BE8304C34C}.Release|Any CPU.Build.0 = Release|Any CPU
		{317F80D2-B3D1-4650-84A3-71BE8304C34C}.Release|Any CPU.Deploy.0 = Release|Any CPU
		{317F80D2-B3D1-4650-84A3-71BE8304C34C}.Release|ARM.ActiveCfg = Release|Any CPU
		{317F80D2-B3D1-4650-84A3-71BE8304C34C}.Release|ARM.Build.0 = Release|Any CPU
		{317F80D2-B3D1-4650-84A3-71BE8304C34C}.Release|ARM.Deploy.0 = Release|Any CPU
		{317F80D2-B3D1-4650-84A3-71BE8304C34C}.Release|iPhone.ActiveCfg = Release|Any CPU
		{317F80D2-B3D1-4650-84A3-71BE8304C34C}.Release|iPhone.Build.0 = Release|Any CPU
		{317F80D2-B3D1-4650-84A3-71BE8304C34C}.Release|iPhone.Deploy.0 = Release|Any CPU
		{317F80D2-B3D1-4650-84A3-71BE8304C34C}.Release|iPhoneSimulator.ActiveCfg = Release|Any CPU
		{317F80D2-B3D1-4650-84A3-71BE8304C34C}.Release|iPhoneSimulator.Build.0 = Release|Any CPU
		{317F80D2-B3D1-4650-84A3-71BE8304C34C}.Release|iPhoneSimulator.Deploy.0 = Release|Any CPU
		{317F80D2-B3D1-4650-84A3-71BE8304C34C}.Release|x64.ActiveCfg = Release|Any CPU
		{317F80D2-B3D1-4650-84A3-71BE8304C34C}.Release|x64.Build.0 = Release|Any CPU
		{317F80D2-B3D1-4650-84A3-71BE8304C34C}.Release|x64.Deploy.0 = Release|Any CPU
		{317F80D2-B3D1-4650-84A3-71BE8304C34C}.Release|x86.ActiveCfg = Release|Any CPU
		{317F80D2-B3D1-4650-84A3-71BE8304C34C}.Release|x86.Build.0 = Release|Any CPU
		{317F80D2-B3D1-4650-84A3-71BE8304C34C}.Release|x86.Deploy.0 = Release|Any CPU
		{67865F0B-45DE-4F94-BBB1-B8A9E00DB290}.Ad-Hoc|Any CPU.ActiveCfg = Release|Any CPU
		{67865F0B-45DE-4F94-BBB1-B8A9E00DB290}.Ad-Hoc|Any CPU.Build.0 = Release|Any CPU
		{67865F0B-45DE-4F94-BBB1-B8A9E00DB290}.Ad-Hoc|ARM.ActiveCfg = Release|Any CPU
		{67865F0B-45DE-4F94-BBB1-B8A9E00DB290}.Ad-Hoc|ARM.Build.0 = Release|Any CPU
		{67865F0B-45DE-4F94-BBB1-B8A9E00DB290}.Ad-Hoc|iPhone.ActiveCfg = Release|Any CPU
		{67865F0B-45DE-4F94-BBB1-B8A9E00DB290}.Ad-Hoc|iPhone.Build.0 = Release|Any CPU
		{67865F0B-45DE-4F94-BBB1-B8A9E00DB290}.Ad-Hoc|iPhoneSimulator.ActiveCfg = Release|Any CPU
		{67865F0B-45DE-4F94-BBB1-B8A9E00DB290}.Ad-Hoc|iPhoneSimulator.Build.0 = Release|Any CPU
		{67865F0B-45DE-4F94-BBB1-B8A9E00DB290}.Ad-Hoc|x64.ActiveCfg = Release|Any CPU
		{67865F0B-45DE-4F94-BBB1-B8A9E00DB290}.Ad-Hoc|x64.Build.0 = Release|Any CPU
		{67865F0B-45DE-4F94-BBB1-B8A9E00DB290}.Ad-Hoc|x86.ActiveCfg = Release|Any CPU
		{67865F0B-45DE-4F94-BBB1-B8A9E00DB290}.Ad-Hoc|x86.Build.0 = Release|Any CPU
		{67865F0B-45DE-4F94-BBB1-B8A9E00DB290}.AppStore|Any CPU.ActiveCfg = Release|Any CPU
		{67865F0B-45DE-4F94-BBB1-B8A9E00DB290}.AppStore|Any CPU.Build.0 = Release|Any CPU
		{67865F0B-45DE-4F94-BBB1-B8A9E00DB290}.AppStore|ARM.ActiveCfg = Release|Any CPU
		{67865F0B-45DE-4F94-BBB1-B8A9E00DB290}.AppStore|ARM.Build.0 = Release|Any CPU
		{67865F0B-45DE-4F94-BBB1-B8A9E00DB290}.AppStore|iPhone.ActiveCfg = Release|Any CPU
		{67865F0B-45DE-4F94-BBB1-B8A9E00DB290}.AppStore|iPhone.Build.0 = Release|Any CPU
		{67865F0B-45DE-4F94-BBB1-B8A9E00DB290}.AppStore|iPhoneSimulator.ActiveCfg = Release|Any CPU
		{67865F0B-45DE-4F94-BBB1-B8A9E00DB290}.AppStore|iPhoneSimulator.Build.0 = Release|Any CPU
		{67865F0B-45DE-4F94-BBB1-B8A9E00DB290}.AppStore|x64.ActiveCfg = Release|Any CPU
		{67865F0B-45DE-4F94-BBB1-B8A9E00DB290}.AppStore|x64.Build.0 = Release|Any CPU
		{67865F0B-45DE-4F94-BBB1-B8A9E00DB290}.AppStore|x86.ActiveCfg = Release|Any CPU
		{67865F0B-45DE-4F94-BBB1-B8A9E00DB290}.AppStore|x86.Build.0 = Release|Any CPU
		{67865F0B-45DE-4F94-BBB1-B8A9E00DB290}.Debug|Any CPU.ActiveCfg = Debug|Any CPU
		{67865F0B-45DE-4F94-BBB1-B8A9E00DB290}.Debug|Any CPU.Build.0 = Debug|Any CPU
		{67865F0B-45DE-4F94-BBB1-B8A9E00DB290}.Debug|ARM.ActiveCfg = Debug|Any CPU
		{67865F0B-45DE-4F94-BBB1-B8A9E00DB290}.Debug|ARM.Build.0 = Debug|Any CPU
		{67865F0B-45DE-4F94-BBB1-B8A9E00DB290}.Debug|iPhone.ActiveCfg = Debug|Any CPU
		{67865F0B-45DE-4F94-BBB1-B8A9E00DB290}.Debug|iPhone.Build.0 = Debug|Any CPU
		{67865F0B-45DE-4F94-BBB1-B8A9E00DB290}.Debug|iPhoneSimulator.ActiveCfg = Debug|Any CPU
		{67865F0B-45DE-4F94-BBB1-B8A9E00DB290}.Debug|iPhoneSimulator.Build.0 = Debug|Any CPU
		{67865F0B-45DE-4F94-BBB1-B8A9E00DB290}.Debug|x64.ActiveCfg = Debug|Any CPU
		{67865F0B-45DE-4F94-BBB1-B8A9E00DB290}.Debug|x64.Build.0 = Debug|Any CPU
		{67865F0B-45DE-4F94-BBB1-B8A9E00DB290}.Debug|x86.ActiveCfg = Debug|Any CPU
		{67865F0B-45DE-4F94-BBB1-B8A9E00DB290}.Debug|x86.Build.0 = Debug|Any CPU
		{67865F0B-45DE-4F94-BBB1-B8A9E00DB290}.Release|Any CPU.ActiveCfg = Release|Any CPU
		{67865F0B-45DE-4F94-BBB1-B8A9E00DB290}.Release|Any CPU.Build.0 = Release|Any CPU
		{67865F0B-45DE-4F94-BBB1-B8A9E00DB290}.Release|ARM.ActiveCfg = Release|Any CPU
		{67865F0B-45DE-4F94-BBB1-B8A9E00DB290}.Release|ARM.Build.0 = Release|Any CPU
		{67865F0B-45DE-4F94-BBB1-B8A9E00DB290}.Release|iPhone.ActiveCfg = Release|Any CPU
		{67865F0B-45DE-4F94-BBB1-B8A9E00DB290}.Release|iPhone.Build.0 = Release|Any CPU
		{67865F0B-45DE-4F94-BBB1-B8A9E00DB290}.Release|iPhoneSimulator.ActiveCfg = Release|Any CPU
		{67865F0B-45DE-4F94-BBB1-B8A9E00DB290}.Release|iPhoneSimulator.Build.0 = Release|Any CPU
		{67865F0B-45DE-4F94-BBB1-B8A9E00DB290}.Release|x64.ActiveCfg = Release|Any CPU
		{67865F0B-45DE-4F94-BBB1-B8A9E00DB290}.Release|x64.Build.0 = Release|Any CPU
		{67865F0B-45DE-4F94-BBB1-B8A9E00DB290}.Release|x86.ActiveCfg = Release|Any CPU
		{67865F0B-45DE-4F94-BBB1-B8A9E00DB290}.Release|x86.Build.0 = Release|Any CPU
		{C4582FCB-462F-492C-A0E2-9F6D9AD98DA4}.Ad-Hoc|Any CPU.ActiveCfg = Release|Any CPU
		{C4582FCB-462F-492C-A0E2-9F6D9AD98DA4}.Ad-Hoc|Any CPU.Build.0 = Release|Any CPU
		{C4582FCB-462F-492C-A0E2-9F6D9AD98DA4}.Ad-Hoc|ARM.ActiveCfg = Release|Any CPU
		{C4582FCB-462F-492C-A0E2-9F6D9AD98DA4}.Ad-Hoc|ARM.Build.0 = Release|Any CPU
		{C4582FCB-462F-492C-A0E2-9F6D9AD98DA4}.Ad-Hoc|iPhone.ActiveCfg = Release|Any CPU
		{C4582FCB-462F-492C-A0E2-9F6D9AD98DA4}.Ad-Hoc|iPhone.Build.0 = Release|Any CPU
		{C4582FCB-462F-492C-A0E2-9F6D9AD98DA4}.Ad-Hoc|iPhoneSimulator.ActiveCfg = Release|Any CPU
		{C4582FCB-462F-492C-A0E2-9F6D9AD98DA4}.Ad-Hoc|iPhoneSimulator.Build.0 = Release|Any CPU
		{C4582FCB-462F-492C-A0E2-9F6D9AD98DA4}.Ad-Hoc|x64.ActiveCfg = Release|Any CPU
		{C4582FCB-462F-492C-A0E2-9F6D9AD98DA4}.Ad-Hoc|x64.Build.0 = Release|Any CPU
		{C4582FCB-462F-492C-A0E2-9F6D9AD98DA4}.Ad-Hoc|x86.ActiveCfg = Release|Any CPU
		{C4582FCB-462F-492C-A0E2-9F6D9AD98DA4}.Ad-Hoc|x86.Build.0 = Release|Any CPU
		{C4582FCB-462F-492C-A0E2-9F6D9AD98DA4}.AppStore|Any CPU.ActiveCfg = Release|Any CPU
		{C4582FCB-462F-492C-A0E2-9F6D9AD98DA4}.AppStore|Any CPU.Build.0 = Release|Any CPU
		{C4582FCB-462F-492C-A0E2-9F6D9AD98DA4}.AppStore|ARM.ActiveCfg = Release|Any CPU
		{C4582FCB-462F-492C-A0E2-9F6D9AD98DA4}.AppStore|ARM.Build.0 = Release|Any CPU
		{C4582FCB-462F-492C-A0E2-9F6D9AD98DA4}.AppStore|iPhone.ActiveCfg = Release|Any CPU
		{C4582FCB-462F-492C-A0E2-9F6D9AD98DA4}.AppStore|iPhone.Build.0 = Release|Any CPU
		{C4582FCB-462F-492C-A0E2-9F6D9AD98DA4}.AppStore|iPhoneSimulator.ActiveCfg = Release|Any CPU
		{C4582FCB-462F-492C-A0E2-9F6D9AD98DA4}.AppStore|iPhoneSimulator.Build.0 = Release|Any CPU
		{C4582FCB-462F-492C-A0E2-9F6D9AD98DA4}.AppStore|x64.ActiveCfg = Release|Any CPU
		{C4582FCB-462F-492C-A0E2-9F6D9AD98DA4}.AppStore|x64.Build.0 = Release|Any CPU
		{C4582FCB-462F-492C-A0E2-9F6D9AD98DA4}.AppStore|x86.ActiveCfg = Release|Any CPU
		{C4582FCB-462F-492C-A0E2-9F6D9AD98DA4}.AppStore|x86.Build.0 = Release|Any CPU
		{C4582FCB-462F-492C-A0E2-9F6D9AD98DA4}.Debug|Any CPU.ActiveCfg = Debug|Any CPU
		{C4582FCB-462F-492C-A0E2-9F6D9AD98DA4}.Debug|Any CPU.Build.0 = Debug|Any CPU
		{C4582FCB-462F-492C-A0E2-9F6D9AD98DA4}.Debug|ARM.ActiveCfg = Debug|Any CPU
		{C4582FCB-462F-492C-A0E2-9F6D9AD98DA4}.Debug|ARM.Build.0 = Debug|Any CPU
		{C4582FCB-462F-492C-A0E2-9F6D9AD98DA4}.Debug|iPhone.ActiveCfg = Debug|Any CPU
		{C4582FCB-462F-492C-A0E2-9F6D9AD98DA4}.Debug|iPhone.Build.0 = Debug|Any CPU
		{C4582FCB-462F-492C-A0E2-9F6D9AD98DA4}.Debug|iPhoneSimulator.ActiveCfg = Debug|Any CPU
		{C4582FCB-462F-492C-A0E2-9F6D9AD98DA4}.Debug|iPhoneSimulator.Build.0 = Debug|Any CPU
		{C4582FCB-462F-492C-A0E2-9F6D9AD98DA4}.Debug|x64.ActiveCfg = Debug|Any CPU
		{C4582FCB-462F-492C-A0E2-9F6D9AD98DA4}.Debug|x64.Build.0 = Debug|Any CPU
		{C4582FCB-462F-492C-A0E2-9F6D9AD98DA4}.Debug|x86.ActiveCfg = Debug|Any CPU
		{C4582FCB-462F-492C-A0E2-9F6D9AD98DA4}.Debug|x86.Build.0 = Debug|Any CPU
		{C4582FCB-462F-492C-A0E2-9F6D9AD98DA4}.Release|Any CPU.ActiveCfg = Release|Any CPU
		{C4582FCB-462F-492C-A0E2-9F6D9AD98DA4}.Release|Any CPU.Build.0 = Release|Any CPU
		{C4582FCB-462F-492C-A0E2-9F6D9AD98DA4}.Release|ARM.ActiveCfg = Release|Any CPU
		{C4582FCB-462F-492C-A0E2-9F6D9AD98DA4}.Release|ARM.Build.0 = Release|Any CPU
		{C4582FCB-462F-492C-A0E2-9F6D9AD98DA4}.Release|iPhone.ActiveCfg = Release|Any CPU
		{C4582FCB-462F-492C-A0E2-9F6D9AD98DA4}.Release|iPhone.Build.0 = Release|Any CPU
		{C4582FCB-462F-492C-A0E2-9F6D9AD98DA4}.Release|iPhoneSimulator.ActiveCfg = Release|Any CPU
		{C4582FCB-462F-492C-A0E2-9F6D9AD98DA4}.Release|iPhoneSimulator.Build.0 = Release|Any CPU
		{C4582FCB-462F-492C-A0E2-9F6D9AD98DA4}.Release|x64.ActiveCfg = Release|Any CPU
		{C4582FCB-462F-492C-A0E2-9F6D9AD98DA4}.Release|x64.Build.0 = Release|Any CPU
		{C4582FCB-462F-492C-A0E2-9F6D9AD98DA4}.Release|x86.ActiveCfg = Release|Any CPU
		{C4582FCB-462F-492C-A0E2-9F6D9AD98DA4}.Release|x86.Build.0 = Release|Any CPU
		{31D351F0-8E92-4D59-96C9-D2C3FD7ACADD}.Ad-Hoc|Any CPU.ActiveCfg = Release|Any CPU
		{31D351F0-8E92-4D59-96C9-D2C3FD7ACADD}.Ad-Hoc|Any CPU.Build.0 = Release|Any CPU
		{31D351F0-8E92-4D59-96C9-D2C3FD7ACADD}.Ad-Hoc|ARM.ActiveCfg = Release|Any CPU
		{31D351F0-8E92-4D59-96C9-D2C3FD7ACADD}.Ad-Hoc|ARM.Build.0 = Release|Any CPU
		{31D351F0-8E92-4D59-96C9-D2C3FD7ACADD}.Ad-Hoc|iPhone.ActiveCfg = Release|Any CPU
		{31D351F0-8E92-4D59-96C9-D2C3FD7ACADD}.Ad-Hoc|iPhone.Build.0 = Release|Any CPU
		{31D351F0-8E92-4D59-96C9-D2C3FD7ACADD}.Ad-Hoc|iPhoneSimulator.ActiveCfg = Release|Any CPU
		{31D351F0-8E92-4D59-96C9-D2C3FD7ACADD}.Ad-Hoc|iPhoneSimulator.Build.0 = Release|Any CPU
		{31D351F0-8E92-4D59-96C9-D2C3FD7ACADD}.Ad-Hoc|x64.ActiveCfg = Release|Any CPU
		{31D351F0-8E92-4D59-96C9-D2C3FD7ACADD}.Ad-Hoc|x64.Build.0 = Release|Any CPU
		{31D351F0-8E92-4D59-96C9-D2C3FD7ACADD}.Ad-Hoc|x86.ActiveCfg = Release|Any CPU
		{31D351F0-8E92-4D59-96C9-D2C3FD7ACADD}.Ad-Hoc|x86.Build.0 = Release|Any CPU
		{31D351F0-8E92-4D59-96C9-D2C3FD7ACADD}.AppStore|Any CPU.ActiveCfg = Release|Any CPU
		{31D351F0-8E92-4D59-96C9-D2C3FD7ACADD}.AppStore|Any CPU.Build.0 = Release|Any CPU
		{31D351F0-8E92-4D59-96C9-D2C3FD7ACADD}.AppStore|ARM.ActiveCfg = Release|Any CPU
		{31D351F0-8E92-4D59-96C9-D2C3FD7ACADD}.AppStore|ARM.Build.0 = Release|Any CPU
		{31D351F0-8E92-4D59-96C9-D2C3FD7ACADD}.AppStore|iPhone.ActiveCfg = Release|Any CPU
		{31D351F0-8E92-4D59-96C9-D2C3FD7ACADD}.AppStore|iPhone.Build.0 = Release|Any CPU
		{31D351F0-8E92-4D59-96C9-D2C3FD7ACADD}.AppStore|iPhoneSimulator.ActiveCfg = Release|Any CPU
		{31D351F0-8E92-4D59-96C9-D2C3FD7ACADD}.AppStore|iPhoneSimulator.Build.0 = Release|Any CPU
		{31D351F0-8E92-4D59-96C9-D2C3FD7ACADD}.AppStore|x64.ActiveCfg = Release|Any CPU
		{31D351F0-8E92-4D59-96C9-D2C3FD7ACADD}.AppStore|x64.Build.0 = Release|Any CPU
		{31D351F0-8E92-4D59-96C9-D2C3FD7ACADD}.AppStore|x86.ActiveCfg = Release|Any CPU
		{31D351F0-8E92-4D59-96C9-D2C3FD7ACADD}.AppStore|x86.Build.0 = Release|Any CPU
		{31D351F0-8E92-4D59-96C9-D2C3FD7ACADD}.Debug|Any CPU.ActiveCfg = Debug|Any CPU
		{31D351F0-8E92-4D59-96C9-D2C3FD7ACADD}.Debug|Any CPU.Build.0 = Debug|Any CPU
		{31D351F0-8E92-4D59-96C9-D2C3FD7ACADD}.Debug|ARM.ActiveCfg = Debug|Any CPU
		{31D351F0-8E92-4D59-96C9-D2C3FD7ACADD}.Debug|ARM.Build.0 = Debug|Any CPU
		{31D351F0-8E92-4D59-96C9-D2C3FD7ACADD}.Debug|iPhone.ActiveCfg = Debug|Any CPU
		{31D351F0-8E92-4D59-96C9-D2C3FD7ACADD}.Debug|iPhone.Build.0 = Debug|Any CPU
		{31D351F0-8E92-4D59-96C9-D2C3FD7ACADD}.Debug|iPhoneSimulator.ActiveCfg = Debug|Any CPU
		{31D351F0-8E92-4D59-96C9-D2C3FD7ACADD}.Debug|iPhoneSimulator.Build.0 = Debug|Any CPU
		{31D351F0-8E92-4D59-96C9-D2C3FD7ACADD}.Debug|x64.ActiveCfg = Debug|Any CPU
		{31D351F0-8E92-4D59-96C9-D2C3FD7ACADD}.Debug|x64.Build.0 = Debug|Any CPU
		{31D351F0-8E92-4D59-96C9-D2C3FD7ACADD}.Debug|x86.ActiveCfg = Debug|Any CPU
		{31D351F0-8E92-4D59-96C9-D2C3FD7ACADD}.Debug|x86.Build.0 = Debug|Any CPU
		{31D351F0-8E92-4D59-96C9-D2C3FD7ACADD}.Release|Any CPU.ActiveCfg = Release|Any CPU
		{31D351F0-8E92-4D59-96C9-D2C3FD7ACADD}.Release|Any CPU.Build.0 = Release|Any CPU
		{31D351F0-8E92-4D59-96C9-D2C3FD7ACADD}.Release|ARM.ActiveCfg = Release|Any CPU
		{31D351F0-8E92-4D59-96C9-D2C3FD7ACADD}.Release|ARM.Build.0 = Release|Any CPU
		{31D351F0-8E92-4D59-96C9-D2C3FD7ACADD}.Release|iPhone.ActiveCfg = Release|Any CPU
		{31D351F0-8E92-4D59-96C9-D2C3FD7ACADD}.Release|iPhone.Build.0 = Release|Any CPU
		{31D351F0-8E92-4D59-96C9-D2C3FD7ACADD}.Release|iPhoneSimulator.ActiveCfg = Release|Any CPU
		{31D351F0-8E92-4D59-96C9-D2C3FD7ACADD}.Release|iPhoneSimulator.Build.0 = Release|Any CPU
		{31D351F0-8E92-4D59-96C9-D2C3FD7ACADD}.Release|x64.ActiveCfg = Release|Any CPU
		{31D351F0-8E92-4D59-96C9-D2C3FD7ACADD}.Release|x64.Build.0 = Release|Any CPU
		{31D351F0-8E92-4D59-96C9-D2C3FD7ACADD}.Release|x86.ActiveCfg = Release|Any CPU
		{31D351F0-8E92-4D59-96C9-D2C3FD7ACADD}.Release|x86.Build.0 = Release|Any CPU
		{0DF20B8D-72DD-4346-BD60-4575A25BDF80}.Ad-Hoc|Any CPU.ActiveCfg = Release|Any CPU
		{0DF20B8D-72DD-4346-BD60-4575A25BDF80}.Ad-Hoc|Any CPU.Build.0 = Release|Any CPU
		{0DF20B8D-72DD-4346-BD60-4575A25BDF80}.Ad-Hoc|ARM.ActiveCfg = Release|Any CPU
		{0DF20B8D-72DD-4346-BD60-4575A25BDF80}.Ad-Hoc|ARM.Build.0 = Release|Any CPU
		{0DF20B8D-72DD-4346-BD60-4575A25BDF80}.Ad-Hoc|iPhone.ActiveCfg = Release|Any CPU
		{0DF20B8D-72DD-4346-BD60-4575A25BDF80}.Ad-Hoc|iPhone.Build.0 = Release|Any CPU
		{0DF20B8D-72DD-4346-BD60-4575A25BDF80}.Ad-Hoc|iPhoneSimulator.ActiveCfg = Release|Any CPU
		{0DF20B8D-72DD-4346-BD60-4575A25BDF80}.Ad-Hoc|iPhoneSimulator.Build.0 = Release|Any CPU
		{0DF20B8D-72DD-4346-BD60-4575A25BDF80}.Ad-Hoc|x64.ActiveCfg = Release|Any CPU
		{0DF20B8D-72DD-4346-BD60-4575A25BDF80}.Ad-Hoc|x64.Build.0 = Release|Any CPU
		{0DF20B8D-72DD-4346-BD60-4575A25BDF80}.Ad-Hoc|x86.ActiveCfg = Release|Any CPU
		{0DF20B8D-72DD-4346-BD60-4575A25BDF80}.Ad-Hoc|x86.Build.0 = Release|Any CPU
		{0DF20B8D-72DD-4346-BD60-4575A25BDF80}.AppStore|Any CPU.ActiveCfg = Release|Any CPU
		{0DF20B8D-72DD-4346-BD60-4575A25BDF80}.AppStore|Any CPU.Build.0 = Release|Any CPU
		{0DF20B8D-72DD-4346-BD60-4575A25BDF80}.AppStore|ARM.ActiveCfg = Release|Any CPU
		{0DF20B8D-72DD-4346-BD60-4575A25BDF80}.AppStore|ARM.Build.0 = Release|Any CPU
		{0DF20B8D-72DD-4346-BD60-4575A25BDF80}.AppStore|iPhone.ActiveCfg = Release|Any CPU
		{0DF20B8D-72DD-4346-BD60-4575A25BDF80}.AppStore|iPhone.Build.0 = Release|Any CPU
		{0DF20B8D-72DD-4346-BD60-4575A25BDF80}.AppStore|iPhoneSimulator.ActiveCfg = Release|Any CPU
		{0DF20B8D-72DD-4346-BD60-4575A25BDF80}.AppStore|iPhoneSimulator.Build.0 = Release|Any CPU
		{0DF20B8D-72DD-4346-BD60-4575A25BDF80}.AppStore|x64.ActiveCfg = Release|Any CPU
		{0DF20B8D-72DD-4346-BD60-4575A25BDF80}.AppStore|x64.Build.0 = Release|Any CPU
		{0DF20B8D-72DD-4346-BD60-4575A25BDF80}.AppStore|x86.ActiveCfg = Release|Any CPU
		{0DF20B8D-72DD-4346-BD60-4575A25BDF80}.AppStore|x86.Build.0 = Release|Any CPU
		{0DF20B8D-72DD-4346-BD60-4575A25BDF80}.Debug|Any CPU.ActiveCfg = Debug|Any CPU
		{0DF20B8D-72DD-4346-BD60-4575A25BDF80}.Debug|Any CPU.Build.0 = Debug|Any CPU
		{0DF20B8D-72DD-4346-BD60-4575A25BDF80}.Debug|ARM.ActiveCfg = Debug|Any CPU
		{0DF20B8D-72DD-4346-BD60-4575A25BDF80}.Debug|ARM.Build.0 = Debug|Any CPU
		{0DF20B8D-72DD-4346-BD60-4575A25BDF80}.Debug|iPhone.ActiveCfg = Debug|Any CPU
		{0DF20B8D-72DD-4346-BD60-4575A25BDF80}.Debug|iPhone.Build.0 = Debug|Any CPU
		{0DF20B8D-72DD-4346-BD60-4575A25BDF80}.Debug|iPhoneSimulator.ActiveCfg = Debug|Any CPU
		{0DF20B8D-72DD-4346-BD60-4575A25BDF80}.Debug|iPhoneSimulator.Build.0 = Debug|Any CPU
		{0DF20B8D-72DD-4346-BD60-4575A25BDF80}.Debug|x64.ActiveCfg = Debug|Any CPU
		{0DF20B8D-72DD-4346-BD60-4575A25BDF80}.Debug|x64.Build.0 = Debug|Any CPU
		{0DF20B8D-72DD-4346-BD60-4575A25BDF80}.Debug|x86.ActiveCfg = Debug|Any CPU
		{0DF20B8D-72DD-4346-BD60-4575A25BDF80}.Debug|x86.Build.0 = Debug|Any CPU
		{0DF20B8D-72DD-4346-BD60-4575A25BDF80}.Release|Any CPU.ActiveCfg = Release|Any CPU
		{0DF20B8D-72DD-4346-BD60-4575A25BDF80}.Release|Any CPU.Build.0 = Release|Any CPU
		{0DF20B8D-72DD-4346-BD60-4575A25BDF80}.Release|ARM.ActiveCfg = Release|Any CPU
		{0DF20B8D-72DD-4346-BD60-4575A25BDF80}.Release|ARM.Build.0 = Release|Any CPU
		{0DF20B8D-72DD-4346-BD60-4575A25BDF80}.Release|iPhone.ActiveCfg = Release|Any CPU
		{0DF20B8D-72DD-4346-BD60-4575A25BDF80}.Release|iPhone.Build.0 = Release|Any CPU
		{0DF20B8D-72DD-4346-BD60-4575A25BDF80}.Release|iPhoneSimulator.ActiveCfg = Release|Any CPU
		{0DF20B8D-72DD-4346-BD60-4575A25BDF80}.Release|iPhoneSimulator.Build.0 = Release|Any CPU
		{0DF20B8D-72DD-4346-BD60-4575A25BDF80}.Release|x64.ActiveCfg = Release|Any CPU
		{0DF20B8D-72DD-4346-BD60-4575A25BDF80}.Release|x64.Build.0 = Release|Any CPU
		{0DF20B8D-72DD-4346-BD60-4575A25BDF80}.Release|x86.ActiveCfg = Release|Any CPU
		{0DF20B8D-72DD-4346-BD60-4575A25BDF80}.Release|x86.Build.0 = Release|Any CPU
	EndGlobalSection
	GlobalSection(SolutionProperties) = preSolution
		HideSolutionNode = FALSE
	EndGlobalSection
	GlobalSection(ExtensibilityGlobals) = postSolution
		SolutionGuid = {A369FA3D-7B24-4179-8EAF-1E482894FFD2}
	EndGlobalSection
EndGlobal
